// !$*UTF8*$!
{
	archiveVersion = 1;
	classes = {
	};
	objectVersion = 50;
	objects = {

/* Begin PBXBuildFile section */
		E3B40ED16C16807978702498 /* Pods_Nutrition.framework in Frameworks */ = {isa = PBXBuildFile; fileRef = 9D06D7C8374F514CAFBE096B /* Pods_Nutrition.framework */; };
		F18A92942205821B00491983 /* AppDelegate.swift in Sources */ = {isa = PBXBuildFile; fileRef = F18A92932205821B00491983 /* AppDelegate.swift */; };
		F18A92962205821B00491983 /* ViewController.swift in Sources */ = {isa = PBXBuildFile; fileRef = F18A92952205821B00491983 /* ViewController.swift */; };
		F18A92992205821B00491983 /* Main.storyboard in Resources */ = {isa = PBXBuildFile; fileRef = F18A92972205821B00491983 /* Main.storyboard */; };
		F18A929B2205821D00491983 /* Assets.xcassets in Resources */ = {isa = PBXBuildFile; fileRef = F18A929A2205821D00491983 /* Assets.xcassets */; };
		F18A929E2205821D00491983 /* LaunchScreen.storyboard in Resources */ = {isa = PBXBuildFile; fileRef = F18A929C2205821D00491983 /* LaunchScreen.storyboard */; };
		F18A92A62205B93E00491983 /* GoogleService-Info.plist in Resources */ = {isa = PBXBuildFile; fileRef = F18A92A52205B93E00491983 /* GoogleService-Info.plist */; };
		F18A92AB22064F2900491983 /* db.plist in Resources */ = {isa = PBXBuildFile; fileRef = F18A92AA22064F2800491983 /* db.plist */; };
		F18A92B12206BD5D00491983 /* IngredientDetailsViewControllerTableViewController.swift in Sources */ = {isa = PBXBuildFile; fileRef = F18A92B02206BD5D00491983 /* IngredientDetailsViewControllerTableViewController.swift */; };
		F18A92B32206C15D00491983 /* IngredientTableViewCell.swift in Sources */ = {isa = PBXBuildFile; fileRef = F18A92B22206C15D00491983 /* IngredientTableViewCell.swift */; };
/* End PBXBuildFile section */

/* Begin PBXFileReference section */
		4AC31D923BBF168B2DDEF6C4 /* Pods-Nutrition.debug.xcconfig */ = {isa = PBXFileReference; includeInIndex = 1; lastKnownFileType = text.xcconfig; name = "Pods-Nutrition.debug.xcconfig"; path = "Pods/Target Support Files/Pods-Nutrition/Pods-Nutrition.debug.xcconfig"; sourceTree = "<group>"; };
		56EE56D91BA691211D7E5F85 /* Pods-Nutrition.release.xcconfig */ = {isa = PBXFileReference; includeInIndex = 1; lastKnownFileType = text.xcconfig; name = "Pods-Nutrition.release.xcconfig"; path = "Pods/Target Support Files/Pods-Nutrition/Pods-Nutrition.release.xcconfig"; sourceTree = "<group>"; };
		9D06D7C8374F514CAFBE096B /* Pods_Nutrition.framework */ = {isa = PBXFileReference; explicitFileType = wrapper.framework; includeInIndex = 0; path = Pods_Nutrition.framework; sourceTree = BUILT_PRODUCTS_DIR; };
		F18A92902205821B00491983 /* Nutrition.app */ = {isa = PBXFileReference; explicitFileType = wrapper.application; includeInIndex = 0; path = Nutrition.app; sourceTree = BUILT_PRODUCTS_DIR; };
		F18A92932205821B00491983 /* AppDelegate.swift */ = {isa = PBXFileReference; lastKnownFileType = sourcecode.swift; path = AppDelegate.swift; sourceTree = "<group>"; };
		F18A92952205821B00491983 /* ViewController.swift */ = {isa = PBXFileReference; lastKnownFileType = sourcecode.swift; path = ViewController.swift; sourceTree = "<group>"; };
		F18A92982205821B00491983 /* Base */ = {isa = PBXFileReference; lastKnownFileType = file.storyboard; name = Base; path = Base.lproj/Main.storyboard; sourceTree = "<group>"; };
		F18A929A2205821D00491983 /* Assets.xcassets */ = {isa = PBXFileReference; lastKnownFileType = folder.assetcatalog; path = Assets.xcassets; sourceTree = "<group>"; };
		F18A929D2205821D00491983 /* Base */ = {isa = PBXFileReference; lastKnownFileType = file.storyboard; name = Base; path = Base.lproj/LaunchScreen.storyboard; sourceTree = "<group>"; };
		F18A929F2205821D00491983 /* Info.plist */ = {isa = PBXFileReference; lastKnownFileType = text.plist.xml; path = Info.plist; sourceTree = "<group>"; };
		F18A92A52205B93E00491983 /* GoogleService-Info.plist */ = {isa = PBXFileReference; fileEncoding = 4; lastKnownFileType = text.plist.xml; name = "GoogleService-Info.plist"; path = "../../../Downloads/GoogleService-Info.plist"; sourceTree = "<group>"; };
		F18A92AA22064F2800491983 /* db.plist */ = {isa = PBXFileReference; fileEncoding = 4; lastKnownFileType = text.plist.xml; path = db.plist; sourceTree = "<group>"; };
		F18A92B02206BD5D00491983 /* IngredientDetailsViewControllerTableViewController.swift */ = {isa = PBXFileReference; lastKnownFileType = sourcecode.swift; path = IngredientDetailsViewControllerTableViewController.swift; sourceTree = "<group>"; };
		F18A92B22206C15D00491983 /* IngredientTableViewCell.swift */ = {isa = PBXFileReference; lastKnownFileType = sourcecode.swift; path = IngredientTableViewCell.swift; sourceTree = "<group>"; };
/* End PBXFileReference section */

/* Begin PBXFrameworksBuildPhase section */
		F18A928D2205821B00491983 /* Frameworks */ = {
			isa = PBXFrameworksBuildPhase;
			buildActionMask = 2147483647;
			files = (
				E3B40ED16C16807978702498 /* Pods_Nutrition.framework in Frameworks */,
			);
			runOnlyForDeploymentPostprocessing = 0;
		};
/* End PBXFrameworksBuildPhase section */

/* Begin PBXGroup section */
		AEA831244EB4A210869336F3 /* Frameworks */ = {
			isa = PBXGroup;
			children = (
				9D06D7C8374F514CAFBE096B /* Pods_Nutrition.framework */,
			);
			name = Frameworks;
			sourceTree = "<group>";
		};
		D16E5E1D72B104093CEB1FEA /* Pods */ = {
			isa = PBXGroup;
			children = (
				4AC31D923BBF168B2DDEF6C4 /* Pods-Nutrition.debug.xcconfig */,
				56EE56D91BA691211D7E5F85 /* Pods-Nutrition.release.xcconfig */,
			);
			name = Pods;
			sourceTree = "<group>";
		};
		F18A92872205821B00491983 = {
			isa = PBXGroup;
			children = (
				F18A92922205821B00491983 /* Nutrition */,
				F18A92912205821B00491983 /* Products */,
				D16E5E1D72B104093CEB1FEA /* Pods */,
				AEA831244EB4A210869336F3 /* Frameworks */,
			);
			sourceTree = "<group>";
		};
		F18A92912205821B00491983 /* Products */ = {
			isa = PBXGroup;
			children = (
				F18A92902205821B00491983 /* Nutrition.app */,
			);
			name = Products;
			sourceTree = "<group>";
		};
		F18A92922205821B00491983 /* Nutrition */ = {
			isa = PBXGroup;
			children = (
				F18A92A52205B93E00491983 /* GoogleService-Info.plist */,
				F18A92932205821B00491983 /* AppDelegate.swift */,
				F18A92B02206BD5D00491983 /* IngredientDetailsViewControllerTableViewController.swift */,
				F18A92B22206C15D00491983 /* IngredientTableViewCell.swift */,
				F18A92952205821B00491983 /* ViewController.swift */,
				F18A92972205821B00491983 /* Main.storyboard */,
				F18A929A2205821D00491983 /* Assets.xcassets */,
				F18A929C2205821D00491983 /* LaunchScreen.storyboard */,
				F18A929F2205821D00491983 /* Info.plist */,
				F18A92AA22064F2800491983 /* db.plist */,
			);
			path = Nutrition;
			sourceTree = "<group>";
		};
/* End PBXGroup section */

/* Begin PBXNativeTarget section */
		F18A928F2205821B00491983 /* Nutrition */ = {
			isa = PBXNativeTarget;
			buildConfigurationList = F18A92A22205821D00491983 /* Build configuration list for PBXNativeTarget "Nutrition" */;
			buildPhases = (
				72FBA9DEECA95C2BA186B6FF /* [CP] Check Pods Manifest.lock */,
				F18A928C2205821B00491983 /* Sources */,
				F18A928D2205821B00491983 /* Frameworks */,
				F18A928E2205821B00491983 /* Resources */,
				9D8049E388524422C799C7D8 /* [CP] Embed Pods Frameworks */,
			);
			buildRules = (
			);
			dependencies = (
			);
			name = Nutrition;
			productName = Nutrition;
			productReference = F18A92902205821B00491983 /* Nutrition.app */;
			productType = "com.apple.product-type.application";
		};
/* End PBXNativeTarget section */

/* Begin PBXProject section */
		F18A92882205821B00491983 /* Project object */ = {
			isa = PBXProject;
			attributes = {
				LastSwiftUpdateCheck = 1010;
				LastUpgradeCheck = 1010;
				ORGANIZATIONNAME = "Cass Tao";
				TargetAttributes = {
					F18A928F2205821B00491983 = {
						CreatedOnToolsVersion = 10.1;
					};
				};
			};
			buildConfigurationList = F18A928B2205821B00491983 /* Build configuration list for PBXProject "Nutrition" */;
			compatibilityVersion = "Xcode 9.3";
			developmentRegion = en;
			hasScannedForEncodings = 0;
			knownRegions = (
				en,
				Base,
			);
			mainGroup = F18A92872205821B00491983;
			productRefGroup = F18A92912205821B00491983 /* Products */;
			projectDirPath = "";
			projectRoot = "";
			targets = (
				F18A928F2205821B00491983 /* Nutrition */,
			);
		};
/* End PBXProject section */

/* Begin PBXResourcesBuildPhase section */
		F18A928E2205821B00491983 /* Resources */ = {
			isa = PBXResourcesBuildPhase;
			buildActionMask = 2147483647;
			files = (
				F18A929E2205821D00491983 /* LaunchScreen.storyboard in Resources */,
				F18A92A62205B93E00491983 /* GoogleService-Info.plist in Resources */,
				F18A929B2205821D00491983 /* Assets.xcassets in Resources */,
				F18A92AB22064F2900491983 /* db.plist in Resources */,
				F18A92992205821B00491983 /* Main.storyboard in Resources */,
			);
			runOnlyForDeploymentPostprocessing = 0;
		};
/* End PBXResourcesBuildPhase section */

/* Begin PBXShellScriptBuildPhase section */
		72FBA9DEECA95C2BA186B6FF /* [CP] Check Pods Manifest.lock */ = {
			isa = PBXShellScriptBuildPhase;
			buildActionMask = 2147483647;
			files = (
			);
			inputPaths = (
				"${PODS_PODFILE_DIR_PATH}/Podfile.lock",
				"${PODS_ROOT}/Manifest.lock",
			);
			name = "[CP] Check Pods Manifest.lock";
			outputPaths = (
				"$(DERIVED_FILE_DIR)/Pods-Nutrition-checkManifestLockResult.txt",
			);
			runOnlyForDeploymentPostprocessing = 0;
			shellPath = /bin/sh;
			shellScript = "diff \"${PODS_PODFILE_DIR_PATH}/Podfile.lock\" \"${PODS_ROOT}/Manifest.lock\" > /dev/null\nif [ $? != 0 ] ; then\n    # print error to STDERR\n    echo \"error: The sandbox is not in sync with the Podfile.lock. Run 'pod install' or update your CocoaPods installation.\" >&2\n    exit 1\nfi\n# This output is used by Xcode 'outputs' to avoid re-running this script phase.\necho \"SUCCESS\" > \"${SCRIPT_OUTPUT_FILE_0}\"\n";
			showEnvVarsInLog = 0;
		};
		9D8049E388524422C799C7D8 /* [CP] Embed Pods Frameworks */ = {
			isa = PBXShellScriptBuildPhase;
			buildActionMask = 2147483647;
			files = (
			);
			inputPaths = (
				"${PODS_ROOT}/Target Support Files/Pods-Nutrition/Pods-Nutrition-frameworks.sh",
				"${BUILT_PRODUCTS_DIR}/Alamofire/Alamofire.framework",
				"${BUILT_PRODUCTS_DIR}/CoreXLSX/CoreXLSX.framework",
				"${BUILT_PRODUCTS_DIR}/GTMSessionFetcher/GTMSessionFetcher.framework",
				"${BUILT_PRODUCTS_DIR}/GoogleAPIClientForREST/GoogleAPIClientForREST.framework",
				"${BUILT_PRODUCTS_DIR}/GoogleToolboxForMac/GoogleToolboxForMac.framework",
				"${BUILT_PRODUCTS_DIR}/GoogleUtilities/GoogleUtilities.framework",
				"${BUILT_PRODUCTS_DIR}/Protobuf/Protobuf.framework",
				"${BUILT_PRODUCTS_DIR}/SwiftyJSON/SwiftyJSON.framework",
				"${BUILT_PRODUCTS_DIR}/XMLCoder/XMLCoder.framework",
				"${BUILT_PRODUCTS_DIR}/ZIPFoundation/ZIPFoundation.framework",
				"${BUILT_PRODUCTS_DIR}/nanopb/nanopb.framework",
			);
			name = "[CP] Embed Pods Frameworks";
			outputPaths = (
				"${TARGET_BUILD_DIR}/${FRAMEWORKS_FOLDER_PATH}/Alamofire.framework",
				"${TARGET_BUILD_DIR}/${FRAMEWORKS_FOLDER_PATH}/CoreXLSX.framework",
				"${TARGET_BUILD_DIR}/${FRAMEWORKS_FOLDER_PATH}/GTMSessionFetcher.framework",
				"${TARGET_BUILD_DIR}/${FRAMEWORKS_FOLDER_PATH}/GoogleAPIClientForREST.framework",
				"${TARGET_BUILD_DIR}/${FRAMEWORKS_FOLDER_PATH}/GoogleToolboxForMac.framework",
				"${TARGET_BUILD_DIR}/${FRAMEWORKS_FOLDER_PATH}/GoogleUtilities.framework",
				"${TARGET_BUILD_DIR}/${FRAMEWORKS_FOLDER_PATH}/Protobuf.framework",
				"${TARGET_BUILD_DIR}/${FRAMEWORKS_FOLDER_PATH}/SwiftyJSON.framework",
				"${TARGET_BUILD_DIR}/${FRAMEWORKS_FOLDER_PATH}/XMLCoder.framework",
				"${TARGET_BUILD_DIR}/${FRAMEWORKS_FOLDER_PATH}/ZIPFoundation.framework",
				"${TARGET_BUILD_DIR}/${FRAMEWORKS_FOLDER_PATH}/nanopb.framework",
			);
			runOnlyForDeploymentPostprocessing = 0;
			shellPath = /bin/sh;
			shellScript = "\"${PODS_ROOT}/Target Support Files/Pods-Nutrition/Pods-Nutrition-frameworks.sh\"\n";
			showEnvVarsInLog = 0;
		};
/* End PBXShellScriptBuildPhase section */

/* Begin PBXSourcesBuildPhase section */
		F18A928C2205821B00491983 /* Sources */ = {
			isa = PBXSourcesBuildPhase;
			buildActionMask = 2147483647;
			files = (
				F18A92B32206C15D00491983 /* IngredientTableViewCell.swift in Sources */,
				F18A92962205821B00491983 /* ViewController.swift in Sources */,
				F18A92942205821B00491983 /* AppDelegate.swift in Sources */,
				F18A92B12206BD5D00491983 /* IngredientDetailsViewControllerTableViewController.swift in Sources */,
			);
			runOnlyForDeploymentPostprocessing = 0;
		};
/* End PBXSourcesBuildPhase section */

/* Begin PBXVariantGroup section */
		F18A92972205821B00491983 /* Main.storyboard */ = {
			isa = PBXVariantGroup;
			children = (
				F18A92982205821B00491983 /* Base */,
			);
			name = Main.storyboard;
			sourceTree = "<group>";
		};
		F18A929C2205821D00491983 /* LaunchScreen.storyboard */ = {
			isa = PBXVariantGroup;
			children = (
				F18A929D2205821D00491983 /* Base */,
			);
			name = LaunchScreen.storyboard;
			sourceTree = "<group>";
		};
/* End PBXVariantGroup section */

/* Begin XCBuildConfiguration section */
		F18A92A02205821D00491983 /* Debug */ = {
			isa = XCBuildConfiguration;
			buildSettings = {
				ALWAYS_SEARCH_USER_PATHS = NO;
				CLANG_ANALYZER_NONNULL = YES;
				CLANG_ANALYZER_NUMBER_OBJECT_CONVERSION = YES_AGGRESSIVE;
				CLANG_CXX_LANGUAGE_STANDARD = "gnu++14";
				CLANG_CXX_LIBRARY = "libc++";
				CLANG_ENABLE_MODULES = YES;
				CLANG_ENABLE_OBJC_ARC = YES;
				CLANG_ENABLE_OBJC_WEAK = YES;
				CLANG_WARN_BLOCK_CAPTURE_AUTORELEASING = YES;
				CLANG_WARN_BOOL_CONVERSION = YES;
				CLANG_WARN_COMMA = YES;
				CLANG_WARN_CONSTANT_CONVERSION = YES;
				CLANG_WARN_DEPRECATED_OBJC_IMPLEMENTATIONS = YES;
				CLANG_WARN_DIRECT_OBJC_ISA_USAGE = YES_ERROR;
				CLANG_WARN_DOCUMENTATION_COMMENTS = YES;
				CLANG_WARN_EMPTY_BODY = YES;
				CLANG_WARN_ENUM_CONVERSION = YES;
				CLANG_WARN_INFINITE_RECURSION = YES;
				CLANG_WARN_INT_CONVERSION = YES;
				CLANG_WARN_NON_LITERAL_NULL_CONVERSION = YES;
				CLANG_WARN_OBJC_IMPLICIT_RETAIN_SELF = YES;
				CLANG_WARN_OBJC_LITERAL_CONVERSION = YES;
				CLANG_WARN_OBJC_ROOT_CLASS = YES_ERROR;
				CLANG_WARN_RANGE_LOOP_ANALYSIS = YES;
				CLANG_WARN_STRICT_PROTOTYPES = YES;
				CLANG_WARN_SUSPICIOUS_MOVE = YES;
				CLANG_WARN_UNGUARDED_AVAILABILITY = YES_AGGRESSIVE;
				CLANG_WARN_UNREACHABLE_CODE = YES;
				CLANG_WARN__DUPLICATE_METHOD_MATCH = YES;
				CODE_SIGN_IDENTITY = "iPhone Developer";
				COPY_PHASE_STRIP = NO;
				DEBUG_INFORMATION_FORMAT = dwarf;
				ENABLE_STRICT_OBJC_MSGSEND = YES;
				ENABLE_TESTABILITY = YES;
				GCC_C_LANGUAGE_STANDARD = gnu11;
				GCC_DYNAMIC_NO_PIC = NO;
				GCC_NO_COMMON_BLOCKS = YES;
				GCC_OPTIMIZATION_LEVEL = 0;
				GCC_PREPROCESSOR_DEFINITIONS = (
					"DEBUG=1",
					"$(inherited)",
				);
				GCC_WARN_64_TO_32_BIT_CONVERSION = YES;
				GCC_WARN_ABOUT_RETURN_TYPE = YES_ERROR;
				GCC_WARN_UNDECLARED_SELECTOR = YES;
				GCC_WARN_UNINITIALIZED_AUTOS = YES_AGGRESSIVE;
				GCC_WARN_UNUSED_FUNCTION = YES;
				GCC_WARN_UNUSED_VARIABLE = YES;
				IPHONEOS_DEPLOYMENT_TARGET = 12.1;
				MTL_ENABLE_DEBUG_INFO = INCLUDE_SOURCE;
				MTL_FAST_MATH = YES;
				ONLY_ACTIVE_ARCH = YES;
				SDKROOT = iphoneos;
				SWIFT_ACTIVE_COMPILATION_CONDITIONS = DEBUG;
				SWIFT_OPTIMIZATION_LEVEL = "-Onone";
			};
			name = Debug;
		};
		F18A92A12205821D00491983 /* Release */ = {
			isa = XCBuildConfiguration;
			buildSettings = {
				ALWAYS_SEARCH_USER_PATHS = NO;
				CLANG_ANALYZER_NONNULL = YES;
				CLANG_ANALYZER_NUMBER_OBJECT_CONVERSION = YES_AGGRESSIVE;
				CLANG_CXX_LANGUAGE_STANDARD = "gnu++14";
				CLANG_CXX_LIBRARY = "libc++";
				CLANG_ENABLE_MODULES = YES;
				CLANG_ENABLE_OBJC_ARC = YES;
				CLANG_ENABLE_OBJC_WEAK = YES;
				CLANG_WARN_BLOCK_CAPTURE_AUTORELEASING = YES;
				CLANG_WARN_BOOL_CONVERSION = YES;
				CLANG_WARN_COMMA = YES;
				CLANG_WARN_CONSTANT_CONVERSION = YES;
				CLANG_WARN_DEPRECATED_OBJC_IMPLEMENTATIONS = YES;
				CLANG_WARN_DIRECT_OBJC_ISA_USAGE = YES_ERROR;
				CLANG_WARN_DOCUMENTATION_COMMENTS = YES;
				CLANG_WARN_EMPTY_BODY = YES;
				CLANG_WARN_ENUM_CONVERSION = YES;
				CLANG_WARN_INFINITE_RECURSION = YES;
				CLANG_WARN_INT_CONVERSION = YES;
				CLANG_WARN_NON_LITERAL_NULL_CONVERSION = YES;
				CLANG_WARN_OBJC_IMPLICIT_RETAIN_SELF = YES;
				CLANG_WARN_OBJC_LITERAL_CONVERSION = YES;
				CLANG_WARN_OBJC_ROOT_CLASS = YES_ERROR;
				CLANG_WARN_RANGE_LOOP_ANALYSIS = YES;
				CLANG_WARN_STRICT_PROTOTYPES = YES;
				CLANG_WARN_SUSPICIOUS_MOVE = YES;
				CLANG_WARN_UNGUARDED_AVAILABILITY = YES_AGGRESSIVE;
				CLANG_WARN_UNREACHABLE_CODE = YES;
				CLANG_WARN__DUPLICATE_METHOD_MATCH = YES;
				CODE_SIGN_IDENTITY = "iPhone Developer";
				COPY_PHASE_STRIP = NO;
				DEBUG_INFORMATION_FORMAT = "dwarf-with-dsym";
				ENABLE_NS_ASSERTIONS = NO;
				ENABLE_STRICT_OBJC_MSGSEND = YES;
				GCC_C_LANGUAGE_STANDARD = gnu11;
				GCC_NO_COMMON_BLOCKS = YES;
				GCC_WARN_64_TO_32_BIT_CONVERSION = YES;
				GCC_WARN_ABOUT_RETURN_TYPE = YES_ERROR;
				GCC_WARN_UNDECLARED_SELECTOR = YES;
				GCC_WARN_UNINITIALIZED_AUTOS = YES_AGGRESSIVE;
				GCC_WARN_UNUSED_FUNCTION = YES;
				GCC_WARN_UNUSED_VARIABLE = YES;
				IPHONEOS_DEPLOYMENT_TARGET = 12.1;
				MTL_ENABLE_DEBUG_INFO = NO;
				MTL_FAST_MATH = YES;
				SDKROOT = iphoneos;
				SWIFT_COMPILATION_MODE = wholemodule;
				SWIFT_OPTIMIZATION_LEVEL = "-O";
				VALIDATE_PRODUCT = YES;
			};
			name = Release;
		};
		F18A92A32205821D00491983 /* Debug */ = {
			isa = XCBuildConfiguration;
			baseConfigurationReference = 4AC31D923BBF168B2DDEF6C4 /* Pods-Nutrition.debug.xcconfig */;
			buildSettings = {
				ASSETCATALOG_COMPILER_APPICON_NAME = AppIcon;
				CODE_SIGN_IDENTITY = "iPhone Developer";
				CODE_SIGN_STYLE = Automatic;
				DEVELOPMENT_TEAM = Z8V566C555;
				INFOPLIST_FILE = Nutrition/Info.plist;
				LD_RUNPATH_SEARCH_PATHS = (
					"$(inherited)",
					"@executable_path/Frameworks",
				);
				PRODUCT_BUNDLE_IDENTIFIER = com.Cass.Nutrition;
				PRODUCT_NAME = "$(TARGET_NAME)";
				PROVISIONING_PROFILE_SPECIFIER = "";
				SWIFT_VERSION = 4.2;
				TARGETED_DEVICE_FAMILY = "1,2";
			};
			name = Debug;
		};
		F18A92A42205821D00491983 /* Release */ = {
			isa = XCBuildConfiguration;
			baseConfigurationReference = 56EE56D91BA691211D7E5F85 /* Pods-Nutrition.release.xcconfig */;
			buildSettings = {
				ASSETCATALOG_COMPILER_APPICON_NAME = AppIcon;
				CODE_SIGN_IDENTITY = "iPhone Developer";
				CODE_SIGN_STYLE = Automatic;
				DEVELOPMENT_TEAM = Z8V566C555;
				INFOPLIST_FILE = Nutrition/Info.plist;
				LD_RUNPATH_SEARCH_PATHS = (
					"$(inherited)",
					"@executable_path/Frameworks",
				);
				PRODUCT_BUNDLE_IDENTIFIER = com.Cass.Nutrition;
				PRODUCT_NAME = "$(TARGET_NAME)";
				PROVISIONING_PROFILE_SPECIFIER = "";
				SWIFT_VERSION = 4.2;
				TARGETED_DEVICE_FAMILY = "1,2";
			};
			name = Release;
		};
/* End XCBuildConfiguration section */

/* Begin XCConfigurationList section */
		F18A928B2205821B00491983 /* Build configuration list for PBXProject "Nutrition" */ = {
			isa = XCConfigurationList;
			buildConfigurations = (
				F18A92A02205821D00491983 /* Debug */,
				F18A92A12205821D00491983 /* Release */,
			);
			defaultConfigurationIsVisible = 0;
			defaultConfigurationName = Release;
		};
		F18A92A22205821D00491983 /* Build configuration list for PBXNativeTarget "Nutrition" */ = {
			isa = XCConfigurationList;
			buildConfigurations = (
				F18A92A32205821D00491983 /* Debug */,
				F18A92A42205821D00491983 /* Release */,
			);
			defaultConfigurationIsVisible = 0;
			defaultConfigurationName = Release;
		};
/* End XCConfigurationList section */
	};
	rootObject = F18A92882205821B00491983 /* Project object */;
}
